// !$*UTF8*$!
{
	archiveVersion = 1;
	classes = {
	};
	objectVersion = 50;
	objects = {

/* Begin PBXBuildFile section */
		4A7174E923151EC000F13749 /* AppDelegate.swift in Sources */ = {isa = PBXBuildFile; fileRef = 4A7174E823151EC000F13749 /* AppDelegate.swift */; };
		4A7174EB23151EC000F13749 /* ViewController.swift in Sources */ = {isa = PBXBuildFile; fileRef = 4A7174EA23151EC000F13749 /* ViewController.swift */; };
		4A7174EE23151EC000F13749 /* Main.storyboard in Resources */ = {isa = PBXBuildFile; fileRef = 4A7174EC23151EC000F13749 /* Main.storyboard */; };
		4A7174F023151EC100F13749 /* Assets.xcassets in Resources */ = {isa = PBXBuildFile; fileRef = 4A7174EF23151EC100F13749 /* Assets.xcassets */; };
		4A7174FB23151EC100F13749 /* tv_swift_release_testTests.swift in Sources */ = {isa = PBXBuildFile; fileRef = 4A7174FA23151EC100F13749 /* tv_swift_release_testTests.swift */; };
		4A71750623151EC200F13749 /* tv_swift_release_testUITests.swift in Sources */ = {isa = PBXBuildFile; fileRef = 4A71750523151EC200F13749 /* tv_swift_release_testUITests.swift */; };
		9B4F5F7C24DD49DA00221C8F /* AppCenter.framework in Frameworks */ = {isa = PBXBuildFile; fileRef = 9B4F5F7924DD49DA00221C8F /* AppCenter.framework */; };
		9B4F5F7D24DD49DA00221C8F /* AppCenter.framework in Embed Frameworks */ = {isa = PBXBuildFile; fileRef = 9B4F5F7924DD49DA00221C8F /* AppCenter.framework */; settings = {ATTRIBUTES = (CodeSignOnCopy, RemoveHeadersOnCopy, ); }; };
		9B4F5F7E24DD49DA00221C8F /* AppCenterCrashes.framework in Frameworks */ = {isa = PBXBuildFile; fileRef = 9B4F5F7A24DD49DA00221C8F /* AppCenterCrashes.framework */; };
		9B4F5F7F24DD49DA00221C8F /* AppCenterCrashes.framework in Embed Frameworks */ = {isa = PBXBuildFile; fileRef = 9B4F5F7A24DD49DA00221C8F /* AppCenterCrashes.framework */; settings = {ATTRIBUTES = (CodeSignOnCopy, RemoveHeadersOnCopy, ); }; };
		9B4F5F8024DD49DA00221C8F /* AppCenterAnalytics.framework in Frameworks */ = {isa = PBXBuildFile; fileRef = 9B4F5F7B24DD49DA00221C8F /* AppCenterAnalytics.framework */; };
		9B4F5F8124DD49DA00221C8F /* AppCenterAnalytics.framework in Embed Frameworks */ = {isa = PBXBuildFile; fileRef = 9B4F5F7B24DD49DA00221C8F /* AppCenterAnalytics.framework */; settings = {ATTRIBUTES = (CodeSignOnCopy, RemoveHeadersOnCopy, ); }; };
/* End PBXBuildFile section */

/* Begin PBXContainerItemProxy section */
		4A7174F723151EC100F13749 /* PBXContainerItemProxy */ = {
			isa = PBXContainerItemProxy;
			containerPortal = 4A7174DD23151EC000F13749 /* Project object */;
			proxyType = 1;
			remoteGlobalIDString = 4A7174E423151EC000F13749;
			remoteInfo = "tv-swift-release-test";
		};
		4A71750223151EC200F13749 /* PBXContainerItemProxy */ = {
			isa = PBXContainerItemProxy;
			containerPortal = 4A7174DD23151EC000F13749 /* Project object */;
			proxyType = 1;
			remoteGlobalIDString = 4A7174E423151EC000F13749;
			remoteInfo = "tv-swift-release-test";
		};
/* End PBXContainerItemProxy section */

/* Begin PBXCopyFilesBuildPhase section */
		9B4F5F8224DD49DA00221C8F /* Embed Frameworks */ = {
			isa = PBXCopyFilesBuildPhase;
			buildActionMask = 2147483647;
			dstPath = "";
			dstSubfolderSpec = 10;
			files = (
				9B4F5F7D24DD49DA00221C8F /* AppCenter.framework in Embed Frameworks */,
				9B4F5F8124DD49DA00221C8F /* AppCenterAnalytics.framework in Embed Frameworks */,
				9B4F5F7F24DD49DA00221C8F /* AppCenterCrashes.framework in Embed Frameworks */,
			);
			name = "Embed Frameworks";
			runOnlyForDeploymentPostprocessing = 0;
		};
/* End PBXCopyFilesBuildPhase section */

/* Begin PBXFileReference section */
		4A7174E523151EC000F13749 /* tv-swift-release-test.app */ = {isa = PBXFileReference; explicitFileType = wrapper.application; includeInIndex = 0; path = "tv-swift-release-test.app"; sourceTree = BUILT_PRODUCTS_DIR; };
		4A7174E823151EC000F13749 /* AppDelegate.swift */ = {isa = PBXFileReference; lastKnownFileType = sourcecode.swift; path = AppDelegate.swift; sourceTree = "<group>"; };
		4A7174EA23151EC000F13749 /* ViewController.swift */ = {isa = PBXFileReference; lastKnownFileType = sourcecode.swift; path = ViewController.swift; sourceTree = "<group>"; };
		4A7174ED23151EC000F13749 /* Base */ = {isa = PBXFileReference; lastKnownFileType = file.storyboard; name = Base; path = Base.lproj/Main.storyboard; sourceTree = "<group>"; };
		4A7174EF23151EC100F13749 /* Assets.xcassets */ = {isa = PBXFileReference; lastKnownFileType = folder.assetcatalog; path = Assets.xcassets; sourceTree = "<group>"; };
		4A7174F123151EC100F13749 /* Info.plist */ = {isa = PBXFileReference; lastKnownFileType = text.plist.xml; path = Info.plist; sourceTree = "<group>"; };
		4A7174F623151EC100F13749 /* tv-swift-release-testTests.xctest */ = {isa = PBXFileReference; explicitFileType = wrapper.cfbundle; includeInIndex = 0; path = "tv-swift-release-testTests.xctest"; sourceTree = BUILT_PRODUCTS_DIR; };
		4A7174FA23151EC100F13749 /* tv_swift_release_testTests.swift */ = {isa = PBXFileReference; lastKnownFileType = sourcecode.swift; path = tv_swift_release_testTests.swift; sourceTree = "<group>"; };
		4A7174FC23151EC200F13749 /* Info.plist */ = {isa = PBXFileReference; lastKnownFileType = text.plist.xml; path = Info.plist; sourceTree = "<group>"; };
		4A71750123151EC200F13749 /* tv-swift-release-testUITests.xctest */ = {isa = PBXFileReference; explicitFileType = wrapper.cfbundle; includeInIndex = 0; path = "tv-swift-release-testUITests.xctest"; sourceTree = BUILT_PRODUCTS_DIR; };
		4A71750523151EC200F13749 /* tv_swift_release_testUITests.swift */ = {isa = PBXFileReference; lastKnownFileType = sourcecode.swift; path = tv_swift_release_testUITests.swift; sourceTree = "<group>"; };
		4A71750723151EC200F13749 /* Info.plist */ = {isa = PBXFileReference; lastKnownFileType = text.plist.xml; path = Info.plist; sourceTree = "<group>"; };
		9B4F5F7924DD49DA00221C8F /* AppCenter.framework */ = {isa = PBXFileReference; lastKnownFileType = wrapper.framework; name = AppCenter.framework; path = "AppCenter-SDK-Apple/tvOS/AppCenter.framework"; sourceTree = "<group>"; };
		9B4F5F7A24DD49DA00221C8F /* AppCenterCrashes.framework */ = {isa = PBXFileReference; lastKnownFileType = wrapper.framework; name = AppCenterCrashes.framework; path = "AppCenter-SDK-Apple/tvOS/AppCenterCrashes.framework"; sourceTree = "<group>"; };
		9B4F5F7B24DD49DA00221C8F /* AppCenterAnalytics.framework */ = {isa = PBXFileReference; lastKnownFileType = wrapper.framework; name = AppCenterAnalytics.framework; path = "AppCenter-SDK-Apple/tvOS/AppCenterAnalytics.framework"; sourceTree = "<group>"; };
/* End PBXFileReference section */

/* Begin PBXFrameworksBuildPhase section */
		4A7174E223151EC000F13749 /* Frameworks */ = {
			isa = PBXFrameworksBuildPhase;
			buildActionMask = 2147483647;
			files = (
				9B4F5F7C24DD49DA00221C8F /* AppCenter.framework in Frameworks */,
				9B4F5F8024DD49DA00221C8F /* AppCenterAnalytics.framework in Frameworks */,
				9B4F5F7E24DD49DA00221C8F /* AppCenterCrashes.framework in Frameworks */,
			);
			runOnlyForDeploymentPostprocessing = 0;
		};
		4A7174F323151EC100F13749 /* Frameworks */ = {
			isa = PBXFrameworksBuildPhase;
			buildActionMask = 2147483647;
			files = (
			);
			runOnlyForDeploymentPostprocessing = 0;
		};
		4A7174FE23151EC200F13749 /* Frameworks */ = {
			isa = PBXFrameworksBuildPhase;
			buildActionMask = 2147483647;
			files = (
			);
			runOnlyForDeploymentPostprocessing = 0;
		};
/* End PBXFrameworksBuildPhase section */

/* Begin PBXGroup section */
		4A7174DC23151EC000F13749 = {
			isa = PBXGroup;
			children = (
				4A7174E723151EC000F13749 /* tv-swift-release-test */,
				4A7174F923151EC100F13749 /* tv-swift-release-testTests */,
				4A71750423151EC200F13749 /* tv-swift-release-testUITests */,
				4A7174E623151EC000F13749 /* Products */,
				9B4F5F7824DD49D900221C8F /* Frameworks */,
			);
			sourceTree = "<group>";
		};
		4A7174E623151EC000F13749 /* Products */ = {
			isa = PBXGroup;
			children = (
				4A7174E523151EC000F13749 /* tv-swift-release-test.app */,
				4A7174F623151EC100F13749 /* tv-swift-release-testTests.xctest */,
				4A71750123151EC200F13749 /* tv-swift-release-testUITests.xctest */,
			);
			name = Products;
			sourceTree = "<group>";
		};
		4A7174E723151EC000F13749 /* tv-swift-release-test */ = {
			isa = PBXGroup;
			children = (
				4A7174E823151EC000F13749 /* AppDelegate.swift */,
				4A7174EA23151EC000F13749 /* ViewController.swift */,
				4A7174EC23151EC000F13749 /* Main.storyboard */,
				4A7174EF23151EC100F13749 /* Assets.xcassets */,
				4A7174F123151EC100F13749 /* Info.plist */,
			);
			path = "tv-swift-release-test";
			sourceTree = "<group>";
		};
		4A7174F923151EC100F13749 /* tv-swift-release-testTests */ = {
			isa = PBXGroup;
			children = (
				4A7174FA23151EC100F13749 /* tv_swift_release_testTests.swift */,
				4A7174FC23151EC200F13749 /* Info.plist */,
			);
			path = "tv-swift-release-testTests";
			sourceTree = "<group>";
		};
		4A71750423151EC200F13749 /* tv-swift-release-testUITests */ = {
			isa = PBXGroup;
			children = (
				4A71750523151EC200F13749 /* tv_swift_release_testUITests.swift */,
				4A71750723151EC200F13749 /* Info.plist */,
			);
			path = "tv-swift-release-testUITests";
			sourceTree = "<group>";
		};
		9B4F5F7824DD49D900221C8F /* Frameworks */ = {
			isa = PBXGroup;
			children = (
				9B4F5F7924DD49DA00221C8F /* AppCenter.framework */,
				9B4F5F7B24DD49DA00221C8F /* AppCenterAnalytics.framework */,
				9B4F5F7A24DD49DA00221C8F /* AppCenterCrashes.framework */,
			);
			name = Frameworks;
			sourceTree = "<group>";
		};
/* End PBXGroup section */

/* Begin PBXNativeTarget section */
		4A7174E423151EC000F13749 /* tv-swift-release-test */ = {
			isa = PBXNativeTarget;
			buildConfigurationList = 4A71750A23151EC200F13749 /* Build configuration list for PBXNativeTarget "tv-swift-release-test" */;
			buildPhases = (
				4A7174E123151EC000F13749 /* Sources */,
				4A7174E223151EC000F13749 /* Frameworks */,
				4A7174E323151EC000F13749 /* Resources */,
				9B4F5F8224DD49DA00221C8F /* Embed Frameworks */,
			);
			buildRules = (
			);
			dependencies = (
			);
			name = "tv-swift-release-test";
			productName = "tv-swift-release-test";
			productReference = 4A7174E523151EC000F13749 /* tv-swift-release-test.app */;
			productType = "com.apple.product-type.application";
		};
		4A7174F523151EC100F13749 /* tv-swift-release-testTests */ = {
			isa = PBXNativeTarget;
			buildConfigurationList = 4A71750D23151EC200F13749 /* Build configuration list for PBXNativeTarget "tv-swift-release-testTests" */;
			buildPhases = (
				4A7174F223151EC100F13749 /* Sources */,
				4A7174F323151EC100F13749 /* Frameworks */,
				4A7174F423151EC100F13749 /* Resources */,
			);
			buildRules = (
			);
			dependencies = (
				4A7174F823151EC100F13749 /* PBXTargetDependency */,
			);
			name = "tv-swift-release-testTests";
			productName = "tv-swift-release-testTests";
			productReference = 4A7174F623151EC100F13749 /* tv-swift-release-testTests.xctest */;
			productType = "com.apple.product-type.bundle.unit-test";
		};
		4A71750023151EC200F13749 /* tv-swift-release-testUITests */ = {
			isa = PBXNativeTarget;
			buildConfigurationList = 4A71751023151EC200F13749 /* Build configuration list for PBXNativeTarget "tv-swift-release-testUITests" */;
			buildPhases = (
				4A7174FD23151EC200F13749 /* Sources */,
				4A7174FE23151EC200F13749 /* Frameworks */,
				4A7174FF23151EC200F13749 /* Resources */,
			);
			buildRules = (
			);
			dependencies = (
				4A71750323151EC200F13749 /* PBXTargetDependency */,
			);
			name = "tv-swift-release-testUITests";
			productName = "tv-swift-release-testUITests";
			productReference = 4A71750123151EC200F13749 /* tv-swift-release-testUITests.xctest */;
			productType = "com.apple.product-type.bundle.ui-testing";
		};
/* End PBXNativeTarget section */

/* Begin PBXProject section */
		4A7174DD23151EC000F13749 /* Project object */ = {
			isa = PBXProject;
			attributes = {
				LastSwiftUpdateCheck = 1010;
				LastUpgradeCheck = 1010;
				ORGANIZATIONNAME = bys;
				TargetAttributes = {
					4A7174E423151EC000F13749 = {
						CreatedOnToolsVersion = 10.1;
						LastSwiftMigration = 1010;
					};
					4A7174F523151EC100F13749 = {
						CreatedOnToolsVersion = 10.1;
						TestTargetID = 4A7174E423151EC000F13749;
					};
					4A71750023151EC200F13749 = {
						CreatedOnToolsVersion = 10.1;
						TestTargetID = 4A7174E423151EC000F13749;
					};
				};
			};
			buildConfigurationList = 4A7174E023151EC000F13749 /* Build configuration list for PBXProject "tv-swift-release-test" */;
			compatibilityVersion = "Xcode 9.3";
			developmentRegion = en;
			hasScannedForEncodings = 0;
			knownRegions = (
				en,
				Base,
			);
			mainGroup = 4A7174DC23151EC000F13749;
			productRefGroup = 4A7174E623151EC000F13749 /* Products */;
			projectDirPath = "";
			projectRoot = "";
			targets = (
				4A7174E423151EC000F13749 /* tv-swift-release-test */,
				4A7174F523151EC100F13749 /* tv-swift-release-testTests */,
				4A71750023151EC200F13749 /* tv-swift-release-testUITests */,
			);
		};
/* End PBXProject section */

/* Begin PBXResourcesBuildPhase section */
		4A7174E323151EC000F13749 /* Resources */ = {
			isa = PBXResourcesBuildPhase;
			buildActionMask = 2147483647;
			files = (
				4A7174F023151EC100F13749 /* Assets.xcassets in Resources */,
				4A7174EE23151EC000F13749 /* Main.storyboard in Resources */,
			);
			runOnlyForDeploymentPostprocessing = 0;
		};
		4A7174F423151EC100F13749 /* Resources */ = {
			isa = PBXResourcesBuildPhase;
			buildActionMask = 2147483647;
			files = (
			);
			runOnlyForDeploymentPostprocessing = 0;
		};
		4A7174FF23151EC200F13749 /* Resources */ = {
			isa = PBXResourcesBuildPhase;
			buildActionMask = 2147483647;
			files = (
			);
			runOnlyForDeploymentPostprocessing = 0;
		};
/* End PBXResourcesBuildPhase section */

/* Begin PBXSourcesBuildPhase section */
		4A7174E123151EC000F13749 /* Sources */ = {
			isa = PBXSourcesBuildPhase;
			buildActionMask = 2147483647;
			files = (
				4A7174EB23151EC000F13749 /* ViewController.swift in Sources */,
				4A7174E923151EC000F13749 /* AppDelegate.swift in Sources */,
			);
			runOnlyForDeploymentPostprocessing = 0;
		};
		4A7174F223151EC100F13749 /* Sources */ = {
			isa = PBXSourcesBuildPhase;
			buildActionMask = 2147483647;
			files = (
				4A7174FB23151EC100F13749 /* tv_swift_release_testTests.swift in Sources */,
			);
			runOnlyForDeploymentPostprocessing = 0;
		};
		4A7174FD23151EC200F13749 /* Sources */ = {
			isa = PBXSourcesBuildPhase;
			buildActionMask = 2147483647;
			files = (
				4A71750623151EC200F13749 /* tv_swift_release_testUITests.swift in Sources */,
			);
			runOnlyForDeploymentPostprocessing = 0;
		};
/* End PBXSourcesBuildPhase section */

/* Begin PBXTargetDependency section */
		4A7174F823151EC100F13749 /* PBXTargetDependency */ = {
			isa = PBXTargetDependency;
			target = 4A7174E423151EC000F13749 /* tv-swift-release-test */;
			targetProxy = 4A7174F723151EC100F13749 /* PBXContainerItemProxy */;
		};
		4A71750323151EC200F13749 /* PBXTargetDependency */ = {
			isa = PBXTargetDependency;
			target = 4A7174E423151EC000F13749 /* tv-swift-release-test */;
			targetProxy = 4A71750223151EC200F13749 /* PBXContainerItemProxy */;
		};
/* End PBXTargetDependency section */

/* Begin PBXVariantGroup section */
		4A7174EC23151EC000F13749 /* Main.storyboard */ = {
			isa = PBXVariantGroup;
			children = (
				4A7174ED23151EC000F13749 /* Base */,
			);
			name = Main.storyboard;
			sourceTree = "<group>";
		};
/* End PBXVariantGroup section */

/* Begin XCBuildConfiguration section */
		4A71750823151EC200F13749 /* Debug */ = {
			isa = XCBuildConfiguration;
			buildSettings = {
				ALWAYS_SEARCH_USER_PATHS = NO;
				CLANG_ANALYZER_NONNULL = YES;
				CLANG_ANALYZER_NUMBER_OBJECT_CONVERSION = YES_AGGRESSIVE;
				CLANG_CXX_LANGUAGE_STANDARD = "gnu++14";
				CLANG_CXX_LIBRARY = "libc++";
				CLANG_ENABLE_MODULES = YES;
				CLANG_ENABLE_OBJC_ARC = YES;
				CLANG_ENABLE_OBJC_WEAK = YES;
				CLANG_WARN_BLOCK_CAPTURE_AUTORELEASING = YES;
				CLANG_WARN_BOOL_CONVERSION = YES;
				CLANG_WARN_COMMA = YES;
				CLANG_WARN_CONSTANT_CONVERSION = YES;
				CLANG_WARN_DEPRECATED_OBJC_IMPLEMENTATIONS = YES;
				CLANG_WARN_DIRECT_OBJC_ISA_USAGE = YES_ERROR;
				CLANG_WARN_DOCUMENTATION_COMMENTS = YES;
				CLANG_WARN_EMPTY_BODY = YES;
				CLANG_WARN_ENUM_CONVERSION = YES;
				CLANG_WARN_INFINITE_RECURSION = YES;
				CLANG_WARN_INT_CONVERSION = YES;
				CLANG_WARN_NON_LITERAL_NULL_CONVERSION = YES;
				CLANG_WARN_OBJC_IMPLICIT_RETAIN_SELF = YES;
				CLANG_WARN_OBJC_LITERAL_CONVERSION = YES;
				CLANG_WARN_OBJC_ROOT_CLASS = YES_ERROR;
				CLANG_WARN_RANGE_LOOP_ANALYSIS = YES;
				CLANG_WARN_STRICT_PROTOTYPES = YES;
				CLANG_WARN_SUSPICIOUS_MOVE = YES;
				CLANG_WARN_UNGUARDED_AVAILABILITY = YES_AGGRESSIVE;
				CLANG_WARN_UNREACHABLE_CODE = YES;
				CLANG_WARN__DUPLICATE_METHOD_MATCH = YES;
				COPY_PHASE_STRIP = NO;
				DEBUG_INFORMATION_FORMAT = dwarf;
				ENABLE_STRICT_OBJC_MSGSEND = YES;
				ENABLE_TESTABILITY = YES;
				GCC_C_LANGUAGE_STANDARD = gnu11;
				GCC_DYNAMIC_NO_PIC = NO;
				GCC_NO_COMMON_BLOCKS = YES;
				GCC_OPTIMIZATION_LEVEL = 0;
				GCC_PREPROCESSOR_DEFINITIONS = (
					"DEBUG=1",
					"$(inherited)",
				);
				GCC_WARN_64_TO_32_BIT_CONVERSION = YES;
				GCC_WARN_ABOUT_RETURN_TYPE = YES_ERROR;
				GCC_WARN_UNDECLARED_SELECTOR = YES;
				GCC_WARN_UNINITIALIZED_AUTOS = YES_AGGRESSIVE;
				GCC_WARN_UNUSED_FUNCTION = YES;
				GCC_WARN_UNUSED_VARIABLE = YES;
				MTL_ENABLE_DEBUG_INFO = INCLUDE_SOURCE;
				MTL_FAST_MATH = YES;
				ONLY_ACTIVE_ARCH = YES;
				SDKROOT = appletvos;
				SWIFT_ACTIVE_COMPILATION_CONDITIONS = DEBUG;
				SWIFT_OPTIMIZATION_LEVEL = "-Onone";
				TVOS_DEPLOYMENT_TARGET = 12.1;
			};
			name = Debug;
		};
		4A71750923151EC200F13749 /* Release */ = {
			isa = XCBuildConfiguration;
			buildSettings = {
				ALWAYS_SEARCH_USER_PATHS = NO;
				CLANG_ANALYZER_NONNULL = YES;
				CLANG_ANALYZER_NUMBER_OBJECT_CONVERSION = YES_AGGRESSIVE;
				CLANG_CXX_LANGUAGE_STANDARD = "gnu++14";
				CLANG_CXX_LIBRARY = "libc++";
				CLANG_ENABLE_MODULES = YES;
				CLANG_ENABLE_OBJC_ARC = YES;
				CLANG_ENABLE_OBJC_WEAK = YES;
				CLANG_WARN_BLOCK_CAPTURE_AUTORELEASING = YES;
				CLANG_WARN_BOOL_CONVERSION = YES;
				CLANG_WARN_COMMA = YES;
				CLANG_WARN_CONSTANT_CONVERSION = YES;
				CLANG_WARN_DEPRECATED_OBJC_IMPLEMENTATIONS = YES;
				CLANG_WARN_DIRECT_OBJC_ISA_USAGE = YES_ERROR;
				CLANG_WARN_DOCUMENTATION_COMMENTS = YES;
				CLANG_WARN_EMPTY_BODY = YES;
				CLANG_WARN_ENUM_CONVERSION = YES;
				CLANG_WARN_INFINITE_RECURSION = YES;
				CLANG_WARN_INT_CONVERSION = YES;
				CLANG_WARN_NON_LITERAL_NULL_CONVERSION = YES;
				CLANG_WARN_OBJC_IMPLICIT_RETAIN_SELF = YES;
				CLANG_WARN_OBJC_LITERAL_CONVERSION = YES;
				CLANG_WARN_OBJC_ROOT_CLASS = YES_ERROR;
				CLANG_WARN_RANGE_LOOP_ANALYSIS = YES;
				CLANG_WARN_STRICT_PROTOTYPES = YES;
				CLANG_WARN_SUSPICIOUS_MOVE = YES;
				CLANG_WARN_UNGUARDED_AVAILABILITY = YES_AGGRESSIVE;
				CLANG_WARN_UNREACHABLE_CODE = YES;
				CLANG_WARN__DUPLICATE_METHOD_MATCH = YES;
				COPY_PHASE_STRIP = NO;
				DEBUG_INFORMATION_FORMAT = "dwarf-with-dsym";
				ENABLE_NS_ASSERTIONS = NO;
				ENABLE_STRICT_OBJC_MSGSEND = YES;
				GCC_C_LANGUAGE_STANDARD = gnu11;
				GCC_NO_COMMON_BLOCKS = YES;
				GCC_WARN_64_TO_32_BIT_CONVERSION = YES;
				GCC_WARN_ABOUT_RETURN_TYPE = YES_ERROR;
				GCC_WARN_UNDECLARED_SELECTOR = YES;
				GCC_WARN_UNINITIALIZED_AUTOS = YES_AGGRESSIVE;
				GCC_WARN_UNUSED_FUNCTION = YES;
				GCC_WARN_UNUSED_VARIABLE = YES;
				MTL_ENABLE_DEBUG_INFO = NO;
				MTL_FAST_MATH = YES;
				SDKROOT = appletvos;
				SWIFT_COMPILATION_MODE = wholemodule;
				SWIFT_OPTIMIZATION_LEVEL = "-O";
				TVOS_DEPLOYMENT_TARGET = 12.1;
				VALIDATE_PRODUCT = YES;
			};
			name = Release;
		};
		4A71750B23151EC200F13749 /* Debug */ = {
			isa = XCBuildConfiguration;
			buildSettings = {
				ASSETCATALOG_COMPILER_APPICON_NAME = "App Icon & Top Shelf Image";
				ASSETCATALOG_COMPILER_LAUNCHIMAGE_NAME = LaunchImage;
				CLANG_ENABLE_MODULES = YES;
				CODE_SIGN_STYLE = Automatic;
				DEVELOPMENT_TEAM = V39U3BWB97;
				FRAMEWORK_SEARCH_PATHS = (
					"$(inherited)",
					"$(PROJECT_DIR)/tvOS",
					"$(PROJECT_DIR)/AppCenter-SDK-Apple/tvOS",
				);
				INFOPLIST_FILE = "tv-swift-release-test/Info.plist";
				LD_RUNPATH_SEARCH_PATHS = (
					"$(inherited)",
					"@executable_path/Frameworks",
				);
				PRODUCT_BUNDLE_IDENTIFIER = "qw.tv-swift-release-test";
				PRODUCT_NAME = "$(TARGET_NAME)";
				SWIFT_OPTIMIZATION_LEVEL = "-Onone";
				SWIFT_VERSION = 4.2;
				TARGETED_DEVICE_FAMILY = 3;
			};
			name = Debug;
		};
		4A71750C23151EC200F13749 /* Release */ = {
			isa = XCBuildConfiguration;
			buildSettings = {
				ASSETCATALOG_COMPILER_APPICON_NAME = "App Icon & Top Shelf Image";
				ASSETCATALOG_COMPILER_LAUNCHIMAGE_NAME = LaunchImage;
				CLANG_ENABLE_MODULES = YES;
				CODE_SIGN_STYLE = Automatic;
				DEVELOPMENT_TEAM = V39U3BWB97;
				FRAMEWORK_SEARCH_PATHS = (
					"$(inherited)",
					"$(PROJECT_DIR)/tvOS",
					"$(PROJECT_DIR)/AppCenter-SDK-Apple/tvOS",
				);
				INFOPLIST_FILE = "tv-swift-release-test/Info.plist";
				LD_RUNPATH_SEARCH_PATHS = (
					"$(inherited)",
					"@executable_path/Frameworks",
				);
				PRODUCT_BUNDLE_IDENTIFIER = "qw.tv-swift-release-test";
				PRODUCT_NAME = "$(TARGET_NAME)";
				SWIFT_VERSION = 4.2;
				TARGETED_DEVICE_FAMILY = 3;
			};
			name = Release;
		};
		4A71750E23151EC200F13749 /* Debug */ = {
			isa = XCBuildConfiguration;
			buildSettings = {
				ALWAYS_EMBED_SWIFT_STANDARD_LIBRARIES = YES;
				BUNDLE_LOADER = "$(TEST_HOST)";
				CODE_SIGN_STYLE = Automatic;
				DEVELOPMENT_TEAM = 3D27XEAVGH;
				INFOPLIST_FILE = "tv-swift-release-testTests/Info.plist";
				LD_RUNPATH_SEARCH_PATHS = (
					"$(inherited)",
					"@executable_path/Frameworks",
					"@loader_path/Frameworks",
				);
				PRODUCT_BUNDLE_IDENTIFIER = "qw.tv-swift-release-testTests";
				PRODUCT_NAME = "$(TARGET_NAME)";
				SWIFT_VERSION = 4.2;
				TARGETED_DEVICE_FAMILY = 3;
				TEST_HOST = "$(BUILT_PRODUCTS_DIR)/tv-swift-release-test.app/tv-swift-release-test";
			};
			name = Debug;
		};
		4A71750F23151EC200F13749 /* Release */ = {
			isa = XCBuildConfiguration;
			buildSettings = {
				ALWAYS_EMBED_SWIFT_STANDARD_LIBRARIES = YES;
				BUNDLE_LOADER = "$(TEST_HOST)";
				CODE_SIGN_STYLE = Automatic;
				DEVELOPMENT_TEAM = 3D27XEAVGH;
				INFOPLIST_FILE = "tv-swift-release-testTests/Info.plist";
				LD_RUNPATH_SEARCH_PATHS = (
					"$(inherited)",
					"@executable_path/Frameworks",
					"@loader_path/Frameworks",
				);
				PRODUCT_BUNDLE_IDENTIFIER = "qw.tv-swift-release-testTests";
				PRODUCT_NAME = "$(TARGET_NAME)";
				SWIFT_VERSION = 4.2;
				TARGETED_DEVICE_FAMILY = 3;
				TEST_HOST = "$(BUILT_PRODUCTS_DIR)/tv-swift-release-test.app/tv-swift-release-test";
			};
			name = Release;
		};
		4A71751123151EC200F13749 /* Debug */ = {
			isa = XCBuildConfiguration;
			buildSettings = {
				ALWAYS_EMBED_SWIFT_STANDARD_LIBRARIES = YES;
				CODE_SIGN_STYLE = Automatic;
				DEVELOPMENT_TEAM = 3D27XEAVGH;
				INFOPLIST_FILE = "tv-swift-release-testUITests/Info.plist";
				LD_RUNPATH_SEARCH_PATHS = (
					"$(inherited)",
					"@executable_path/Frameworks",
					"@loader_path/Frameworks",
				);
				PRODUCT_BUNDLE_IDENTIFIER = "qw.tv-swift-release-testUITests";
				PRODUCT_NAME = "$(TARGET_NAME)";
				SWIFT_VERSION = 4.2;
				TARGETED_DEVICE_FAMILY = 3;
				TEST_TARGET_NAME = "tv-swift-release-test";
			};
			name = Debug;
		};
		4A71751223151EC200F13749 /* Release */ = {
			isa = XCBuildConfiguration;
			buildSettings = {
				ALWAYS_EMBED_SWIFT_STANDARD_LIBRARIES = YES;
				CODE_SIGN_STYLE = Automatic;
				DEVELOPMENT_TEAM = 3D27XEAVGH;
				INFOPLIST_FILE = "tv-swift-release-testUITests/Info.plist";
				LD_RUNPATH_SEARCH_PATHS = (
					"$(inherited)",
					"@executable_path/Frameworks",
					"@loader_path/Frameworks",
				);
				PRODUCT_BUNDLE_IDENTIFIER = "qw.tv-swift-release-testUITests";
				PRODUCT_NAME = "$(TARGET_NAME)";
				SWIFT_VERSION = 4.2;
				TARGETED_DEVICE_FAMILY = 3;
				TEST_TARGET_NAME = "tv-swift-release-test";
			};
			name = Release;
		};
/* End XCBuildConfiguration section */

/* Begin XCConfigurationList section */
		4A7174E023151EC000F13749 /* Build configuration list for PBXProject "tv-swift-release-test" */ = {
			isa = XCConfigurationList;
			buildConfigurations = (
				4A71750823151EC200F13749 /* Debug */,
				4A71750923151EC200F13749 /* Release */,
			);
			defaultConfigurationIsVisible = 0;
			defaultConfigurationName = Release;
		};
		4A71750A23151EC200F13749 /* Build configuration list for PBXNativeTarget "tv-swift-release-test" */ = {
			isa = XCConfigurationList;
			buildConfigurations = (
				4A71750B23151EC200F13749 /* Debug */,
				4A71750C23151EC200F13749 /* Release */,
			);
			defaultConfigurationIsVisible = 0;
			defaultConfigurationName = Release;
		};
		4A71750D23151EC200F13749 /* Build configuration list for PBXNativeTarget "tv-swift-release-testTests" */ = {
			isa = XCConfigurationList;
			buildConfigurations = (
				4A71750E23151EC200F13749 /* Debug */,
				4A71750F23151EC200F13749 /* Release */,
			);
			defaultConfigurationIsVisible = 0;
			defaultConfigurationName = Release;
		};
		4A71751023151EC200F13749 /* Build configuration list for PBXNativeTarget "tv-swift-release-testUITests" */ = {
			isa = XCConfigurationList;
			buildConfigurations = (
				4A71751123151EC200F13749 /* Debug */,
				4A71751223151EC200F13749 /* Release */,
			);
			defaultConfigurationIsVisible = 0;
			defaultConfigurationName = Release;
		};
/* End XCConfigurationList section */
	};
	rootObject = 4A7174DD23151EC000F13749 /* Project object */;
}
